
Microsoft Visual Studio Solution File, Format Version 12.00
# Visual Studio Version 17
VisualStudioVersion = 17.0.32014.148
MinimumVisualStudioVersion = 10.0.40219.1
Project("{FAE04EC0-301F-11D3-BF4B-00C04F79EFBC}") = "Singleton", "Singleton.csproj", "{B46A760F-08C1-4779-AECF-CAA36380BFBD}"
EndProject
Global
	GlobalSection(SolutionConfigurationPlatforms) = preSolution
		Debug|Any CPU = Debug|Any CPU
		Release|Any CPU = Release|Any CPU
	EndGlobalSection
	GlobalSection(ProjectConfigurationPlatforms) = postSolution
		{B46A760F-08C1-4779-AECF-CAA36380BFBD}.Debug|Any CPU.ActiveCfg = Debug|Any CPU
		{B46A760F-08C1-4779-AECF-CAA36380BFBD}.Debug|Any CPU.Build.0 = Debug|Any CPU
		{B46A760F-08C1-4779-AECF-CAA36380BFBD}.Release|Any CPU.ActiveCfg = Release|Any CPU
		{B46A760F-08C1-4779-AECF-CAA36380BFBD}.Release|Any CPU.Build.0 = Release|Any CPU
	EndGlobalSection
	GlobalSection(SolutionProperties) = preSolution
		HideSolutionNode = FALSE
	EndGlobalSection
	GlobalSection(ExtensibilityGlobals) = postSolution
		SolutionGuid = {530FFF03-F064-4DD0-A026-9A9F5DE82BA7}
	EndGlobalSection
EndGlobal
